
Microsoft Visual Studio Solution File, Format Version 12.00
# Visual Studio Version 17
VisualStudioVersion = 17.14.37411.7 d17.14
MinimumVisualStudioVersion = 10.0.40219.1
Project("{FAE04EC0-301F-11D3-BF4B-00C04F79EFBC}") = "are_you_there", "are_you_there.csproj", "{B9B25F89-21F7-4836-889A-FF9EEE294156}"
EndProject
Global
	GlobalSection(SolutionConfigurationPlatforms) = preSolution
		Debug|Any CPU = Debug|Any CPU
		Release|Any CPU = Release|Any CPU
	EndGlobalSection
	GlobalSection(ProjectConfigurationPlatforms) = postSolution
		{B9B25F89-21F7-4836-889A-FF9EEE294156}.Debug|Any CPU.ActiveCfg = Debug|Any CPU
		{B9B25F89-21F7-4836-889A-FF9EEE294156}.Debug|Any CPU.Build.0 = Debug|Any CPU
		{B9B25F89-21F7-4836-889A-FF9EEE294156}.Release|Any CPU.ActiveCfg = Release|Any CPU
		{B9B25F89-21F7-4836-889A-FF9EEE294156}.Release|Any CPU.Build.0 = Release|Any CPU
	EndGlobalSection
	GlobalSection(SolutionProperties) = preSolution
		HideSolutionNode = FALSE
	EndGlobalSection
	GlobalSection(ExtensibilityGlobals) = postSolution
		SolutionGuid = {3CCC1B0D-DDA5-4480-B4A8-27E8B804634A}
	EndGlobalSection
EndGlobal
